
Microsoft Visual Studio Solution File, Format Version 12.00
# Visual Studio Version 16
VisualStudioVersion = 16.0.31702.278
MinimumVisualStudioVersion = 10.0.40219.1
Project("{FAE04EC0-301F-11D3-BF4B-00C04F79EFBC}") = "PA1", "PA1\PA1.csproj", "{B3987D05-C4E2-4D38-8DE7-D83C602F834C}"
EndProject
Project("{FAE04EC0-301F-11D3-BF4B-00C04F79EFBC}") = "EntreeUnitTests", "EntreeUnitTest\EntreeUnitTests.csproj", "{BAA258CB-3691-4437-89A1-267295B8172B}"
EndProject
Global
	GlobalSection(SolutionConfigurationPlatforms) = preSolution
		Debug|Any CPU = Debug|Any CPU
		Release|Any CPU = Release|Any CPU
	EndGlobalSection
	GlobalSection(ProjectConfigurationPlatforms) = postSolution
		{B3987D05-C4E2-4D38-8DE7-D83C602F834C}.Debug|Any CPU.ActiveCfg = Debug|Any CPU
		{B3987D05-C4E2-4D38-8DE7-D83C602F834C}.Debug|Any CPU.Build.0 = Debug|Any CPU
		{B3987D05-C4E2-4D38-8DE7-D83C602F834C}.Release|Any CPU.ActiveCfg = Release|Any CPU
		{B3987D05-C4E2-4D38-8DE7-D83C602F834C}.Release|Any CPU.Build.0 = Release|Any CPU
		{BAA258CB-3691-4437-89A1-267295B8172B}.Debug|Any CPU.ActiveCfg = Debug|Any CPU
		{BAA258CB-3691-4437-89A1-267295B8172B}.Debug|Any CPU.Build.0 = Debug|Any CPU
		{BAA258CB-3691-4437-89A1-267295B8172B}.Release|Any CPU.ActiveCfg = Release|Any CPU
		{BAA258CB-3691-4437-89A1-267295B8172B}.Release|Any CPU.Build.0 = Release|Any CPU
	EndGlobalSection
	GlobalSection(SolutionProperties) = preSolution
		HideSolutionNode = FALSE
	EndGlobalSection
	GlobalSection(ExtensibilityGlobals) = postSolution
		SolutionGuid = {1318CED6-5622-4B4B-B853-DDC9D43C6F8D}
	EndGlobalSection
EndGlobal
