
Microsoft Visual Studio Solution File, Format Version 12.00
# Visual Studio Version 16
VisualStudioVersion = 16.0.31702.278
MinimumVisualStudioVersion = 10.0.40219.1
Project("{9A19103F-16F7-4668-BE54-9A1E7A4F7556}") = "p5", "p5\p5.csproj", "{8B95624E-B3C6-46A8-BF4F-098F273F0670}"
EndProject
Project("{FAE04EC0-301F-11D3-BF4B-00C04F79EFBC}") = "P5 Unit Testing", "P5 Unit Testing\P5 Unit Testing.csproj", "{FA788B72-6495-47A7-9610-A44B1B314155}"
EndProject
Global
	GlobalSection(SolutionConfigurationPlatforms) = preSolution
		Debug|Any CPU = Debug|Any CPU
		Release|Any CPU = Release|Any CPU
	EndGlobalSection
	GlobalSection(ProjectConfigurationPlatforms) = postSolution
		{8B95624E-B3C6-46A8-BF4F-098F273F0670}.Debug|Any CPU.ActiveCfg = Debug|Any CPU
		{8B95624E-B3C6-46A8-BF4F-098F273F0670}.Debug|Any CPU.Build.0 = Debug|Any CPU
		{8B95624E-B3C6-46A8-BF4F-098F273F0670}.Release|Any CPU.ActiveCfg = Release|Any CPU
		{8B95624E-B3C6-46A8-BF4F-098F273F0670}.Release|Any CPU.Build.0 = Release|Any CPU
		{FA788B72-6495-47A7-9610-A44B1B314155}.Debug|Any CPU.ActiveCfg = Debug|Any CPU
		{FA788B72-6495-47A7-9610-A44B1B314155}.Debug|Any CPU.Build.0 = Debug|Any CPU
		{FA788B72-6495-47A7-9610-A44B1B314155}.Release|Any CPU.ActiveCfg = Release|Any CPU
		{FA788B72-6495-47A7-9610-A44B1B314155}.Release|Any CPU.Build.0 = Release|Any CPU
	EndGlobalSection
	GlobalSection(SolutionProperties) = preSolution
		HideSolutionNode = FALSE
	EndGlobalSection
	GlobalSection(ExtensibilityGlobals) = postSolution
		SolutionGuid = {C5058D18-C2DC-4551-A6D5-8D7DD34393CC}
	EndGlobalSection
EndGlobal
